{
    "_meta": {
        "hash": {
            "sha256": "48c790e2ca902d340e744cd3542583e9c4269b58f42a455be780a229aef93934"
        },
        "pipfile-spec": 6,
        "requires": {
            "python_version": "3.10"
        },
        "sources": [
            {
                "name": "pypi",
                "url": "https://pypi.org/simple",
                "verify_ssl": true
            }
        ]
    },
    "default": {},
    "develop": {
        "myname": {
            "editable": true,
            "path": "."
        }
    }
}
